
Microsoft Visual Studio Solution File, Format Version 12.00
# Visual Studio Version 16
VisualStudioVersion = 16.0.30503.244
MinimumVisualStudioVersion = 10.0.40219.1
Project("{9A19103F-16F7-4668-BE54-9A1E7A4F7556}") = "Abpluz.Abp.Http.Client.SwitchableIdentityClients", "modules\Abpluz.Abp.Http.Client.SwitchableIdentityClients\Abpluz.Abp.Http.Client.SwitchableIdentityClients.csproj", "{273DA195-0294-46B0-8FED-823F31A5B126}"
EndProject
Project("{2150E333-8FDC-42A3-9474-1A3956D46DE8}") = "modules", "modules", "{C31814E6-1216-4D94-9154-E5EF1AF86253}"
EndProject
Project("{9A19103F-16F7-4668-BE54-9A1E7A4F7556}") = "Abpluz.Abp.LocalizableContent", "modules\Abpluz.Abp.LocalizableContent\Abpluz.Abp.LocalizableContent.csproj", "{FEA3751A-9763-45D0-8868-F14E3E40B14B}"
EndProject
Project("{9A19103F-16F7-4668-BE54-9A1E7A4F7556}") = "Abpluz.Abp.LocalizableContent.EntityFrameworkCore", "modules\Abpluz.Abp.LocalizableContent.EntityFrameworkCore\Abpluz.Abp.LocalizableContent.EntityFrameworkCore.csproj", "{3844FCDC-299E-483A-8B8D-B3994BA9C330}"
EndProject
Project("{9A19103F-16F7-4668-BE54-9A1E7A4F7556}") = "Abpluz.Abp.Caching.StackExchageRedis", "modules\Abpluz.Abp.Caching.StackExchageRedis\Abpluz.Abp.Caching.StackExchageRedis.csproj", "{EB359291-B483-45AF-B5D9-0ADF34BE559E}"
EndProject
Project("{2150E333-8FDC-42A3-9474-1A3956D46DE8}") = "src", "src", "{C9CE6675-9FAE-4DE6-9AE3-6209EDFDC880}"
EndProject
Project("{9A19103F-16F7-4668-BE54-9A1E7A4F7556}") = "Abpluz.Abp", "src\Abpluz.Abp\Abpluz.Abp.csproj", "{4DC63BBF-4A61-43E3-BB7C-6BF4E9C43987}"
EndProject
Global
	GlobalSection(SolutionConfigurationPlatforms) = preSolution
		Debug|Any CPU = Debug|Any CPU
		Release|Any CPU = Release|Any CPU
	EndGlobalSection
	GlobalSection(ProjectConfigurationPlatforms) = postSolution
		{273DA195-0294-46B0-8FED-823F31A5B126}.Debug|Any CPU.ActiveCfg = Debug|Any CPU
		{273DA195-0294-46B0-8FED-823F31A5B126}.Debug|Any CPU.Build.0 = Debug|Any CPU
		{273DA195-0294-46B0-8FED-823F31A5B126}.Release|Any CPU.ActiveCfg = Release|Any CPU
		{273DA195-0294-46B0-8FED-823F31A5B126}.Release|Any CPU.Build.0 = Release|Any CPU
		{FEA3751A-9763-45D0-8868-F14E3E40B14B}.Debug|Any CPU.ActiveCfg = Debug|Any CPU
		{FEA3751A-9763-45D0-8868-F14E3E40B14B}.Debug|Any CPU.Build.0 = Debug|Any CPU
		{FEA3751A-9763-45D0-8868-F14E3E40B14B}.Release|Any CPU.ActiveCfg = Release|Any CPU
		{FEA3751A-9763-45D0-8868-F14E3E40B14B}.Release|Any CPU.Build.0 = Release|Any CPU
		{3844FCDC-299E-483A-8B8D-B3994BA9C330}.Debug|Any CPU.ActiveCfg = Debug|Any CPU
		{3844FCDC-299E-483A-8B8D-B3994BA9C330}.Debug|Any CPU.Build.0 = Debug|Any CPU
		{3844FCDC-299E-483A-8B8D-B3994BA9C330}.Release|Any CPU.ActiveCfg = Release|Any CPU
		{3844FCDC-299E-483A-8B8D-B3994BA9C330}.Release|Any CPU.Build.0 = Release|Any CPU
		{EB359291-B483-45AF-B5D9-0ADF34BE559E}.Debug|Any CPU.ActiveCfg = Debug|Any CPU
		{EB359291-B483-45AF-B5D9-0ADF34BE559E}.Debug|Any CPU.Build.0 = Debug|Any CPU
		{EB359291-B483-45AF-B5D9-0ADF34BE559E}.Release|Any CPU.ActiveCfg = Release|Any CPU
		{EB359291-B483-45AF-B5D9-0ADF34BE559E}.Release|Any CPU.Build.0 = Release|Any CPU
		{4DC63BBF-4A61-43E3-BB7C-6BF4E9C43987}.Debug|Any CPU.ActiveCfg = Debug|Any CPU
		{4DC63BBF-4A61-43E3-BB7C-6BF4E9C43987}.Debug|Any CPU.Build.0 = Debug|Any CPU
		{4DC63BBF-4A61-43E3-BB7C-6BF4E9C43987}.Release|Any CPU.ActiveCfg = Release|Any CPU
		{4DC63BBF-4A61-43E3-BB7C-6BF4E9C43987}.Release|Any CPU.Build.0 = Release|Any CPU
	EndGlobalSection
	GlobalSection(SolutionProperties) = preSolution
		HideSolutionNode = FALSE
	EndGlobalSection
	GlobalSection(NestedProjects) = preSolution
		{273DA195-0294-46B0-8FED-823F31A5B126} = {C31814E6-1216-4D94-9154-E5EF1AF86253}
		{FEA3751A-9763-45D0-8868-F14E3E40B14B} = {C31814E6-1216-4D94-9154-E5EF1AF86253}
		{3844FCDC-299E-483A-8B8D-B3994BA9C330} = {C31814E6-1216-4D94-9154-E5EF1AF86253}
		{EB359291-B483-45AF-B5D9-0ADF34BE559E} = {C31814E6-1216-4D94-9154-E5EF1AF86253}
		{4DC63BBF-4A61-43E3-BB7C-6BF4E9C43987} = {C9CE6675-9FAE-4DE6-9AE3-6209EDFDC880}
	EndGlobalSection
	GlobalSection(ExtensibilityGlobals) = postSolution
		SolutionGuid = {B38345BC-31B5-42A2-80E0-35F9CAC51D8F}
	EndGlobalSection
EndGlobal
